
Microsoft Visual Studio Solution File, Format Version 12.00
# Visual Studio Version 17
VisualStudioVersion = 17.5.33516.290
MinimumVisualStudioVersion = 10.0.40219.1
Project("{9A19103F-16F7-4668-BE54-9A1E7A4F7556}") = "Bully_MVC", "Bully_MVC\Bully_MVC.csproj", "{49975855-E413-429A-8C1B-CC46C0FA8B42}"
EndProject
Project("{FAE04EC0-301F-11D3-BF4B-00C04F79EFBC}") = "BulkyWebRazor_Temp", "BulkyWebRazor_Temp\BulkyWebRazor_Temp.csproj", "{3189F013-C0C4-4BA0-9158-E9E91A4F7A13}"
EndProject
Global
	GlobalSection(SolutionConfigurationPlatforms) = preSolution
		Debug|Any CPU = Debug|Any CPU
		Release|Any CPU = Release|Any CPU
	EndGlobalSection
	GlobalSection(ProjectConfigurationPlatforms) = postSolution
		{49975855-E413-429A-8C1B-CC46C0FA8B42}.Debug|Any CPU.ActiveCfg = Debug|Any CPU
		{49975855-E413-429A-8C1B-CC46C0FA8B42}.Debug|Any CPU.Build.0 = Debug|Any CPU
		{49975855-E413-429A-8C1B-CC46C0FA8B42}.Release|Any CPU.ActiveCfg = Release|Any CPU
		{49975855-E413-429A-8C1B-CC46C0FA8B42}.Release|Any CPU.Build.0 = Release|Any CPU
		{3189F013-C0C4-4BA0-9158-E9E91A4F7A13}.Debug|Any CPU.ActiveCfg = Debug|Any CPU
		{3189F013-C0C4-4BA0-9158-E9E91A4F7A13}.Debug|Any CPU.Build.0 = Debug|Any CPU
		{3189F013-C0C4-4BA0-9158-E9E91A4F7A13}.Release|Any CPU.ActiveCfg = Release|Any CPU
		{3189F013-C0C4-4BA0-9158-E9E91A4F7A13}.Release|Any CPU.Build.0 = Release|Any CPU
	EndGlobalSection
	GlobalSection(SolutionProperties) = preSolution
		HideSolutionNode = FALSE
	EndGlobalSection
	GlobalSection(ExtensibilityGlobals) = postSolution
		SolutionGuid = {5049CBE3-3483-48CE-95AA-74FC23903188}
	EndGlobalSection
EndGlobal
